
Microsoft Visual Studio Solution File, Format Version 11.00
# Visual Studio 2010
Project("{FAE04EC0-301F-11D3-BF4B-00C04F79EFBC}") = "Salud.Security.SSO.Core", "Salud.Security.SSO.Core.csproj", "{834C6E3C-14DF-4810-A02E-E42F4F3F4ADD}"
EndProject
Global
	GlobalSection(TeamFoundationVersionControl) = preSolution
		SccNumberOfProjects = 2
		SccEnterpriseProvider = {4CA58AB2-18FA-4F8D-95D4-32DDF27D184C}
		SccTeamFoundationServer = http://desarrollo:8080/tfs/defaultcollection
		SccLocalPath0 = .
		SccProjectUniqueName1 = Salud.Security.SSO.Core.csproj
		SccLocalPath1 = .
	EndGlobalSection
	GlobalSection(SolutionConfigurationPlatforms) = preSolution
		Debug|Any CPU = Debug|Any CPU
		Release|Any CPU = Release|Any CPU
	EndGlobalSection
	GlobalSection(ProjectConfigurationPlatforms) = postSolution
		{834C6E3C-14DF-4810-A02E-E42F4F3F4ADD}.Debug|Any CPU.ActiveCfg = Debug|Any CPU
		{834C6E3C-14DF-4810-A02E-E42F4F3F4ADD}.Debug|Any CPU.Build.0 = Debug|Any CPU
		{834C6E3C-14DF-4810-A02E-E42F4F3F4ADD}.Release|Any CPU.ActiveCfg = Release|Any CPU
		{834C6E3C-14DF-4810-A02E-E42F4F3F4ADD}.Release|Any CPU.Build.0 = Release|Any CPU
	EndGlobalSection
	GlobalSection(SolutionProperties) = preSolution
		HideSolutionNode = FALSE
	EndGlobalSection
EndGlobal
