
Microsoft Visual Studio Solution File, Format Version 12.00
# Visual Studio 2013
VisualStudioVersion = 12.0.21005.1
MinimumVisualStudioVersion = 10.0.40219.1
Project("{FAE04EC0-301F-11D3-BF4B-00C04F79EFBC}") = "Salud.Security.SSO", "Salud.Security.SSO\Salud.Security.SSO.csproj", "{8128C75F-66FB-4B4F-8EC1-0A51850BDBE3}"
EndProject
Project("{FAE04EC0-301F-11D3-BF4B-00C04F79EFBC}") = "Salud.Security.SSO.Core", "Salud.Security.SSO.Core\Salud.Security.SSO.Core.csproj", "{834C6E3C-14DF-4810-A02E-E42F4F3F4ADD}"
EndProject
Project("{FAE04EC0-301F-11D3-BF4B-00C04F79EFBC}") = "Salud.Security.AdminSSO", "Salud.Security.AdminSSO\Salud.Security.AdminSSO.csproj", "{08F0EEA6-374C-4CB7-B838-11DD6BECCBB8}"
EndProject
Global
	GlobalSection(SolutionConfigurationPlatforms) = preSolution
		Debug|Any CPU = Debug|Any CPU
		Release|Any CPU = Release|Any CPU
	EndGlobalSection
	GlobalSection(ProjectConfigurationPlatforms) = postSolution
		{8128C75F-66FB-4B4F-8EC1-0A51850BDBE3}.Debug|Any CPU.ActiveCfg = Debug|Any CPU
		{8128C75F-66FB-4B4F-8EC1-0A51850BDBE3}.Debug|Any CPU.Build.0 = Debug|Any CPU
		{8128C75F-66FB-4B4F-8EC1-0A51850BDBE3}.Release|Any CPU.ActiveCfg = Release|Any CPU
		{8128C75F-66FB-4B4F-8EC1-0A51850BDBE3}.Release|Any CPU.Build.0 = Release|Any CPU
		{834C6E3C-14DF-4810-A02E-E42F4F3F4ADD}.Debug|Any CPU.ActiveCfg = Debug|Any CPU
		{834C6E3C-14DF-4810-A02E-E42F4F3F4ADD}.Debug|Any CPU.Build.0 = Debug|Any CPU
		{834C6E3C-14DF-4810-A02E-E42F4F3F4ADD}.Release|Any CPU.ActiveCfg = Release|Any CPU
		{834C6E3C-14DF-4810-A02E-E42F4F3F4ADD}.Release|Any CPU.Build.0 = Release|Any CPU
		{08F0EEA6-374C-4CB7-B838-11DD6BECCBB8}.Debug|Any CPU.ActiveCfg = Debug|Any CPU
		{08F0EEA6-374C-4CB7-B838-11DD6BECCBB8}.Debug|Any CPU.Build.0 = Debug|Any CPU
		{08F0EEA6-374C-4CB7-B838-11DD6BECCBB8}.Release|Any CPU.ActiveCfg = Release|Any CPU
		{08F0EEA6-374C-4CB7-B838-11DD6BECCBB8}.Release|Any CPU.Build.0 = Release|Any CPU
	EndGlobalSection
	GlobalSection(SolutionProperties) = preSolution
		HideSolutionNode = FALSE
	EndGlobalSection
EndGlobal
